dependencies:
- name: postgresql
  repository: https://charts.bitnami.com/bitnami
  version: 18.5.5
- name: redis
  repository: https://charts.bitnami.com/bitnami
  version: 25.3.2
digest: sha256:1951c2551b0956c1b14f0c2dcad26ed8cf8f2c28610cf94348563b5c880f1275
generated: "2026-03-11T14:20:06.1084883+07:00"
